
Microsoft Visual Studio Solution File, Format Version 12.00
# Visual Studio Version 17
VisualStudioVersion = 17.3.32811.315
MinimumVisualStudioVersion = 10.0.40219.1
Project("{FAE04EC0-301F-11D3-BF4B-00C04F79EFBC}") = "BATISTA", "BATISTA.csproj", "{C0F6ACC8-82FA-4531-9B9C-DD82A3BC2EEC}"
EndProject
Global
	GlobalSection(SolutionConfigurationPlatforms) = preSolution
		Debug|Any CPU = Debug|Any CPU
		Release|Any CPU = Release|Any CPU
	EndGlobalSection
	GlobalSection(ProjectConfigurationPlatforms) = postSolution
		{C0F6ACC8-82FA-4531-9B9C-DD82A3BC2EEC}.Debug|Any CPU.ActiveCfg = Debug|Any CPU
		{C0F6ACC8-82FA-4531-9B9C-DD82A3BC2EEC}.Debug|Any CPU.Build.0 = Debug|Any CPU
		{C0F6ACC8-82FA-4531-9B9C-DD82A3BC2EEC}.Release|Any CPU.ActiveCfg = Release|Any CPU
		{C0F6ACC8-82FA-4531-9B9C-DD82A3BC2EEC}.Release|Any CPU.Build.0 = Release|Any CPU
	EndGlobalSection
	GlobalSection(SolutionProperties) = preSolution
		HideSolutionNode = FALSE
	EndGlobalSection
	GlobalSection(ExtensibilityGlobals) = postSolution
		SolutionGuid = {A0205476-71CD-4BA0-B4E6-236D42F4F9F5}
	EndGlobalSection
EndGlobal
